
Microsoft Visual Studio Solution File, Format Version 12.00
# Visual Studio 14
VisualStudioVersion = 14.0.25123.0
MinimumVisualStudioVersion = 10.0.40219.1
Project("{8BC9CEB8-8B4A-11D0-8D11-00A0C91BC942}") = "Exemplo1", "exemplo1\exemplo1.vcxproj", "{3B3E4E46-8EC9-40E3-AA49-FADC31586F99}"
EndProject
Project("{8BC9CEB8-8B4A-11D0-8D11-00A0C91BC942}") = "Exemplo2", "Exemplo2\Exemplo2.vcxproj", "{5E38C3B9-E225-48AF-83FB-CE77CDECD75F}"
EndProject
Project("{8BC9CEB8-8B4A-11D0-8D11-00A0C91BC942}") = "Exemplo3", "Exemplo3\Exemplo3.vcxproj", "{1B726BAE-5D17-443A-8E35-0C980E6226D7}"
EndProject
Project("{8BC9CEB8-8B4A-11D0-8D11-00A0C91BC942}") = "Exemplo4", "Exemplo4\Exemplo4.vcxproj", "{9FDBFDAB-BDE8-4CE2-82E9-AE1AA211027A}"
EndProject
Project("{8BC9CEB8-8B4A-11D0-8D11-00A0C91BC942}") = "Exemplo5", "Exemplo5\Exemplo5.vcxproj", "{E91505B3-9860-4E62-81A1-D91AD08DC12C}"
EndProject
Project("{8BC9CEB8-8B4A-11D0-8D11-00A0C91BC942}") = "Aplicacao1", "Aplicacao1\Aplicacao1.vcxproj", "{E54B65E6-DCD4-4368-B1D1-A9A6F07AF153}"
EndProject
Project("{8BC9CEB8-8B4A-11D0-8D11-00A0C91BC942}") = "Exercicio1", "Exercicio1\Exercicio1.vcxproj", "{7D8D70A2-BCDC-44A9-8CAA-AFB5BEE023D7}"
EndProject
Project("{8BC9CEB8-8B4A-11D0-8D11-00A0C91BC942}") = "Exercicio2", "Exercicio2\Exercicio2.vcxproj", "{6457BDAA-D181-4D2A-A976-487F8807966B}"
EndProject
Project("{8BC9CEB8-8B4A-11D0-8D11-00A0C91BC942}") = "Exercicio3", "Exercicio3\Exercicio3.vcxproj", "{C5D3A27C-2497-42DC-B61C-F86992A08146}"
EndProject
Project("{8BC9CEB8-8B4A-11D0-8D11-00A0C91BC942}") = "Exercicio4", "Exercicio4\Exercicio4.vcxproj", "{842952B1-0B62-4FF3-BCC5-397F15A97887}"
EndProject
Project("{8BC9CEB8-8B4A-11D0-8D11-00A0C91BC942}") = "Exercicio5", "Exercicio5\Exercicio5.vcxproj", "{9009A98C-A43E-4609-B2BD-CCEA42495824}"
EndProject
Project("{8BC9CEB8-8B4A-11D0-8D11-00A0C91BC942}") = "Exercicio6", "Exercicio6\Exercicio6.vcxproj", "{19F6B282-847D-4CC7-8D42-49DD92E4ED4A}"
EndProject
Project("{8BC9CEB8-8B4A-11D0-8D11-00A0C91BC942}") = "Exercicio7", "Exercicio7\Exercicio7.vcxproj", "{3D27B549-2EC4-4A3C-A201-BC7B84F345E1}"
EndProject
Project("{8BC9CEB8-8B4A-11D0-8D11-00A0C91BC942}") = "Exercicio8", "Exercicio8\Exercicio8.vcxproj", "{7023B78A-99DC-4DB5-9B48-E6CD7C0E511B}"
EndProject
Project("{8BC9CEB8-8B4A-11D0-8D11-00A0C91BC942}") = "Exercicio9", "Exercicio9\Exercicio9.vcxproj", "{CFDD3659-A6E4-4D16-A782-14D827186703}"
EndProject
Project("{8BC9CEB8-8B4A-11D0-8D11-00A0C91BC942}") = "Exercicio10", "Exercicio10\Exercicio10.vcxproj", "{CB686623-1159-468C-820D-6884B8489F2F}"
EndProject
Project("{8BC9CEB8-8B4A-11D0-8D11-00A0C91BC942}") = "Exercicio11", "Exercicio11\Exercicio11.vcxproj", "{CA82BDC6-8C29-497D-8C82-0928D48746F5}"
EndProject
Project("{8BC9CEB8-8B4A-11D0-8D11-00A0C91BC942}") = "Exercicio12", "Exercicio12\Exercicio12.vcxproj", "{89EB8F88-F6E5-4237-9674-5D83D7C32BFF}"
EndProject
Project("{8BC9CEB8-8B4A-11D0-8D11-00A0C91BC942}") = "Exercicio13", "Exercicio13\Exercicio13.vcxproj", "{6520DBD7-4213-4E5D-BAF1-C50FAECC5FC5}"
EndProject
Project("{8BC9CEB8-8B4A-11D0-8D11-00A0C91BC942}") = "Exercicio14", "Exercicio14\Exercicio14.vcxproj", "{4F8B36FF-2ABE-4C75-A7B8-C79D5626E2A2}"
EndProject
Project("{8BC9CEB8-8B4A-11D0-8D11-00A0C91BC942}") = "ConsoleApplication1", "ConsoleApplication1\ConsoleApplication1.vcxproj", "{75093A0D-837A-4CDD-A741-227FBFA37C25}"
EndProject
Global
	GlobalSection(SolutionConfigurationPlatforms) = preSolution
		Debug|x64 = Debug|x64
		Debug|x86 = Debug|x86
		Release|x64 = Release|x64
		Release|x86 = Release|x86
	EndGlobalSection
	GlobalSection(ProjectConfigurationPlatforms) = postSolution
		{3B3E4E46-8EC9-40E3-AA49-FADC31586F99}.Debug|x64.ActiveCfg = Debug|x64
		{3B3E4E46-8EC9-40E3-AA49-FADC31586F99}.Debug|x64.Build.0 = Debug|x64
		{3B3E4E46-8EC9-40E3-AA49-FADC31586F99}.Debug|x86.ActiveCfg = Debug|Win32
		{3B3E4E46-8EC9-40E3-AA49-FADC31586F99}.Debug|x86.Build.0 = Debug|Win32
		{3B3E4E46-8EC9-40E3-AA49-FADC31586F99}.Release|x64.ActiveCfg = Release|x64
		{3B3E4E46-8EC9-40E3-AA49-FADC31586F99}.Release|x64.Build.0 = Release|x64
		{3B3E4E46-8EC9-40E3-AA49-FADC31586F99}.Release|x86.ActiveCfg = Release|Win32
		{3B3E4E46-8EC9-40E3-AA49-FADC31586F99}.Release|x86.Build.0 = Release|Win32
		{5E38C3B9-E225-48AF-83FB-CE77CDECD75F}.Debug|x64.ActiveCfg = Debug|x64
		{5E38C3B9-E225-48AF-83FB-CE77CDECD75F}.Debug|x64.Build.0 = Debug|x64
		{5E38C3B9-E225-48AF-83FB-CE77CDECD75F}.Debug|x86.ActiveCfg = Debug|Win32
		{5E38C3B9-E225-48AF-83FB-CE77CDECD75F}.Debug|x86.Build.0 = Debug|Win32
		{5E38C3B9-E225-48AF-83FB-CE77CDECD75F}.Release|x64.ActiveCfg = Release|x64
		{5E38C3B9-E225-48AF-83FB-CE77CDECD75F}.Release|x64.Build.0 = Release|x64
		{5E38C3B9-E225-48AF-83FB-CE77CDECD75F}.Release|x86.ActiveCfg = Release|Win32
		{5E38C3B9-E225-48AF-83FB-CE77CDECD75F}.Release|x86.Build.0 = Release|Win32
		{1B726BAE-5D17-443A-8E35-0C980E6226D7}.Debug|x64.ActiveCfg = Debug|x64
		{1B726BAE-5D17-443A-8E35-0C980E6226D7}.Debug|x64.Build.0 = Debug|x64
		{1B726BAE-5D17-443A-8E35-0C980E6226D7}.Debug|x86.ActiveCfg = Debug|Win32
		{1B726BAE-5D17-443A-8E35-0C980E6226D7}.Debug|x86.Build.0 = Debug|Win32
		{1B726BAE-5D17-443A-8E35-0C980E6226D7}.Release|x64.ActiveCfg = Release|x64
		{1B726BAE-5D17-443A-8E35-0C980E6226D7}.Release|x64.Build.0 = Release|x64
		{1B726BAE-5D17-443A-8E35-0C980E6226D7}.Release|x86.ActiveCfg = Release|Win32
		{1B726BAE-5D17-443A-8E35-0C980E6226D7}.Release|x86.Build.0 = Release|Win32
		{9FDBFDAB-BDE8-4CE2-82E9-AE1AA211027A}.Debug|x64.ActiveCfg = Debug|x64
		{9FDBFDAB-BDE8-4CE2-82E9-AE1AA211027A}.Debug|x64.Build.0 = Debug|x64
		{9FDBFDAB-BDE8-4CE2-82E9-AE1AA211027A}.Debug|x86.ActiveCfg = Debug|Win32
		{9FDBFDAB-BDE8-4CE2-82E9-AE1AA211027A}.Debug|x86.Build.0 = Debug|Win32
		{9FDBFDAB-BDE8-4CE2-82E9-AE1AA211027A}.Release|x64.ActiveCfg = Release|x64
		{9FDBFDAB-BDE8-4CE2-82E9-AE1AA211027A}.Release|x64.Build.0 = Release|x64
		{9FDBFDAB-BDE8-4CE2-82E9-AE1AA211027A}.Release|x86.ActiveCfg = Release|Win32
		{9FDBFDAB-BDE8-4CE2-82E9-AE1AA211027A}.Release|x86.Build.0 = Release|Win32
		{E91505B3-9860-4E62-81A1-D91AD08DC12C}.Debug|x64.ActiveCfg = Debug|x64
		{E91505B3-9860-4E62-81A1-D91AD08DC12C}.Debug|x64.Build.0 = Debug|x64
		{E91505B3-9860-4E62-81A1-D91AD08DC12C}.Debug|x86.ActiveCfg = Debug|Win32
		{E91505B3-9860-4E62-81A1-D91AD08DC12C}.Debug|x86.Build.0 = Debug|Win32
		{E91505B3-9860-4E62-81A1-D91AD08DC12C}.Release|x64.ActiveCfg = Release|x64
		{E91505B3-9860-4E62-81A1-D91AD08DC12C}.Release|x64.Build.0 = Release|x64
		{E91505B3-9860-4E62-81A1-D91AD08DC12C}.Release|x86.ActiveCfg = Release|Win32
		{E91505B3-9860-4E62-81A1-D91AD08DC12C}.Release|x86.Build.0 = Release|Win32
		{E54B65E6-DCD4-4368-B1D1-A9A6F07AF153}.Debug|x64.ActiveCfg = Debug|x64
		{E54B65E6-DCD4-4368-B1D1-A9A6F07AF153}.Debug|x64.Build.0 = Debug|x64
		{E54B65E6-DCD4-4368-B1D1-A9A6F07AF153}.Debug|x86.ActiveCfg = Debug|Win32
		{E54B65E6-DCD4-4368-B1D1-A9A6F07AF153}.Debug|x86.Build.0 = Debug|Win32
		{E54B65E6-DCD4-4368-B1D1-A9A6F07AF153}.Release|x64.ActiveCfg = Release|x64
		{E54B65E6-DCD4-4368-B1D1-A9A6F07AF153}.Release|x64.Build.0 = Release|x64
		{E54B65E6-DCD4-4368-B1D1-A9A6F07AF153}.Release|x86.ActiveCfg = Release|Win32
		{E54B65E6-DCD4-4368-B1D1-A9A6F07AF153}.Release|x86.Build.0 = Release|Win32
		{7D8D70A2-BCDC-44A9-8CAA-AFB5BEE023D7}.Debug|x64.ActiveCfg = Debug|x64
		{7D8D70A2-BCDC-44A9-8CAA-AFB5BEE023D7}.Debug|x64.Build.0 = Debug|x64
		{7D8D70A2-BCDC-44A9-8CAA-AFB5BEE023D7}.Debug|x86.ActiveCfg = Debug|Win32
		{7D8D70A2-BCDC-44A9-8CAA-AFB5BEE023D7}.Debug|x86.Build.0 = Debug|Win32
		{7D8D70A2-BCDC-44A9-8CAA-AFB5BEE023D7}.Release|x64.ActiveCfg = Release|x64
		{7D8D70A2-BCDC-44A9-8CAA-AFB5BEE023D7}.Release|x64.Build.0 = Release|x64
		{7D8D70A2-BCDC-44A9-8CAA-AFB5BEE023D7}.Release|x86.ActiveCfg = Release|Win32
		{7D8D70A2-BCDC-44A9-8CAA-AFB5BEE023D7}.Release|x86.Build.0 = Release|Win32
		{6457BDAA-D181-4D2A-A976-487F8807966B}.Debug|x64.ActiveCfg = Debug|x64
		{6457BDAA-D181-4D2A-A976-487F8807966B}.Debug|x64.Build.0 = Debug|x64
		{6457BDAA-D181-4D2A-A976-487F8807966B}.Debug|x86.ActiveCfg = Debug|Win32
		{6457BDAA-D181-4D2A-A976-487F8807966B}.Debug|x86.Build.0 = Debug|Win32
		{6457BDAA-D181-4D2A-A976-487F8807966B}.Release|x64.ActiveCfg = Release|x64
		{6457BDAA-D181-4D2A-A976-487F8807966B}.Release|x64.Build.0 = Release|x64
		{6457BDAA-D181-4D2A-A976-487F8807966B}.Release|x86.ActiveCfg = Release|Win32
		{6457BDAA-D181-4D2A-A976-487F8807966B}.Release|x86.Build.0 = Release|Win32
		{C5D3A27C-2497-42DC-B61C-F86992A08146}.Debug|x64.ActiveCfg = Debug|x64
		{C5D3A27C-2497-42DC-B61C-F86992A08146}.Debug|x64.Build.0 = Debug|x64
		{C5D3A27C-2497-42DC-B61C-F86992A08146}.Debug|x86.ActiveCfg = Debug|Win32
		{C5D3A27C-2497-42DC-B61C-F86992A08146}.Debug|x86.Build.0 = Debug|Win32
		{C5D3A27C-2497-42DC-B61C-F86992A08146}.Release|x64.ActiveCfg = Release|x64
		{C5D3A27C-2497-42DC-B61C-F86992A08146}.Release|x64.Build.0 = Release|x64
		{C5D3A27C-2497-42DC-B61C-F86992A08146}.Release|x86.ActiveCfg = Release|Win32
		{C5D3A27C-2497-42DC-B61C-F86992A08146}.Release|x86.Build.0 = Release|Win32
		{842952B1-0B62-4FF3-BCC5-397F15A97887}.Debug|x64.ActiveCfg = Debug|x64
		{842952B1-0B62-4FF3-BCC5-397F15A97887}.Debug|x64.Build.0 = Debug|x64
		{842952B1-0B62-4FF3-BCC5-397F15A97887}.Debug|x86.ActiveCfg = Debug|Win32
		{842952B1-0B62-4FF3-BCC5-397F15A97887}.Debug|x86.Build.0 = Debug|Win32
		{842952B1-0B62-4FF3-BCC5-397F15A97887}.Release|x64.ActiveCfg = Release|x64
		{842952B1-0B62-4FF3-BCC5-397F15A97887}.Release|x64.Build.0 = Release|x64
		{842952B1-0B62-4FF3-BCC5-397F15A97887}.Release|x86.ActiveCfg = Release|Win32
		{842952B1-0B62-4FF3-BCC5-397F15A97887}.Release|x86.Build.0 = Release|Win32
		{9009A98C-A43E-4609-B2BD-CCEA42495824}.Debug|x64.ActiveCfg = Debug|x64
		{9009A98C-A43E-4609-B2BD-CCEA42495824}.Debug|x64.Build.0 = Debug|x64
		{9009A98C-A43E-4609-B2BD-CCEA42495824}.Debug|x86.ActiveCfg = Debug|Win32
		{9009A98C-A43E-4609-B2BD-CCEA42495824}.Debug|x86.Build.0 = Debug|Win32
		{9009A98C-A43E-4609-B2BD-CCEA42495824}.Release|x64.ActiveCfg = Release|x64
		{9009A98C-A43E-4609-B2BD-CCEA42495824}.Release|x64.Build.0 = Release|x64
		{9009A98C-A43E-4609-B2BD-CCEA42495824}.Release|x86.ActiveCfg = Release|Win32
		{9009A98C-A43E-4609-B2BD-CCEA42495824}.Release|x86.Build.0 = Release|Win32
		{19F6B282-847D-4CC7-8D42-49DD92E4ED4A}.Debug|x64.ActiveCfg = Debug|x64
		{19F6B282-847D-4CC7-8D42-49DD92E4ED4A}.Debug|x64.Build.0 = Debug|x64
		{19F6B282-847D-4CC7-8D42-49DD92E4ED4A}.Debug|x86.ActiveCfg = Debug|Win32
		{19F6B282-847D-4CC7-8D42-49DD92E4ED4A}.Debug|x86.Build.0 = Debug|Win32
		{19F6B282-847D-4CC7-8D42-49DD92E4ED4A}.Release|x64.ActiveCfg = Release|x64
		{19F6B282-847D-4CC7-8D42-49DD92E4ED4A}.Release|x64.Build.0 = Release|x64
		{19F6B282-847D-4CC7-8D42-49DD92E4ED4A}.Release|x86.ActiveCfg = Release|Win32
		{19F6B282-847D-4CC7-8D42-49DD92E4ED4A}.Release|x86.Build.0 = Release|Win32
		{3D27B549-2EC4-4A3C-A201-BC7B84F345E1}.Debug|x64.ActiveCfg = Debug|x64
		{3D27B549-2EC4-4A3C-A201-BC7B84F345E1}.Debug|x64.Build.0 = Debug|x64
		{3D27B549-2EC4-4A3C-A201-BC7B84F345E1}.Debug|x86.ActiveCfg = Debug|Win32
		{3D27B549-2EC4-4A3C-A201-BC7B84F345E1}.Debug|x86.Build.0 = Debug|Win32
		{3D27B549-2EC4-4A3C-A201-BC7B84F345E1}.Release|x64.ActiveCfg = Release|x64
		{3D27B549-2EC4-4A3C-A201-BC7B84F345E1}.Release|x64.Build.0 = Release|x64
		{3D27B549-2EC4-4A3C-A201-BC7B84F345E1}.Release|x86.ActiveCfg = Release|Win32
		{3D27B549-2EC4-4A3C-A201-BC7B84F345E1}.Release|x86.Build.0 = Release|Win32
		{7023B78A-99DC-4DB5-9B48-E6CD7C0E511B}.Debug|x64.ActiveCfg = Debug|x64
		{7023B78A-99DC-4DB5-9B48-E6CD7C0E511B}.Debug|x64.Build.0 = Debug|x64
		{7023B78A-99DC-4DB5-9B48-E6CD7C0E511B}.Debug|x86.ActiveCfg = Debug|Win32
		{7023B78A-99DC-4DB5-9B48-E6CD7C0E511B}.Debug|x86.Build.0 = Debug|Win32
		{7023B78A-99DC-4DB5-9B48-E6CD7C0E511B}.Release|x64.ActiveCfg = Release|x64
		{7023B78A-99DC-4DB5-9B48-E6CD7C0E511B}.Release|x64.Build.0 = Release|x64
		{7023B78A-99DC-4DB5-9B48-E6CD7C0E511B}.Release|x86.ActiveCfg = Release|Win32
		{7023B78A-99DC-4DB5-9B48-E6CD7C0E511B}.Release|x86.Build.0 = Release|Win32
		{CFDD3659-A6E4-4D16-A782-14D827186703}.Debug|x64.ActiveCfg = Debug|x64
		{CFDD3659-A6E4-4D16-A782-14D827186703}.Debug|x64.Build.0 = Debug|x64
		{CFDD3659-A6E4-4D16-A782-14D827186703}.Debug|x86.ActiveCfg = Debug|Win32
		{CFDD3659-A6E4-4D16-A782-14D827186703}.Debug|x86.Build.0 = Debug|Win32
		{CFDD3659-A6E4-4D16-A782-14D827186703}.Release|x64.ActiveCfg = Release|x64
		{CFDD3659-A6E4-4D16-A782-14D827186703}.Release|x64.Build.0 = Release|x64
		{CFDD3659-A6E4-4D16-A782-14D827186703}.Release|x86.ActiveCfg = Release|Win32
		{CFDD3659-A6E4-4D16-A782-14D827186703}.Release|x86.Build.0 = Release|Win32
		{CB686623-1159-468C-820D-6884B8489F2F}.Debug|x64.ActiveCfg = Debug|x64
		{CB686623-1159-468C-820D-6884B8489F2F}.Debug|x64.Build.0 = Debug|x64
		{CB686623-1159-468C-820D-6884B8489F2F}.Debug|x86.ActiveCfg = Debug|Win32
		{CB686623-1159-468C-820D-6884B8489F2F}.Debug|x86.Build.0 = Debug|Win32
		{CB686623-1159-468C-820D-6884B8489F2F}.Release|x64.ActiveCfg = Release|x64
		{CB686623-1159-468C-820D-6884B8489F2F}.Release|x64.Build.0 = Release|x64
		{CB686623-1159-468C-820D-6884B8489F2F}.Release|x86.ActiveCfg = Release|Win32
		{CB686623-1159-468C-820D-6884B8489F2F}.Release|x86.Build.0 = Release|Win32
		{CA82BDC6-8C29-497D-8C82-0928D48746F5}.Debug|x64.ActiveCfg = Debug|x64
		{CA82BDC6-8C29-497D-8C82-0928D48746F5}.Debug|x64.Build.0 = Debug|x64
		{CA82BDC6-8C29-497D-8C82-0928D48746F5}.Debug|x86.ActiveCfg = Debug|Win32
		{CA82BDC6-8C29-497D-8C82-0928D48746F5}.Debug|x86.Build.0 = Debug|Win32
		{CA82BDC6-8C29-497D-8C82-0928D48746F5}.Release|x64.ActiveCfg = Release|x64
		{CA82BDC6-8C29-497D-8C82-0928D48746F5}.Release|x64.Build.0 = Release|x64
		{CA82BDC6-8C29-497D-8C82-0928D48746F5}.Release|x86.ActiveCfg = Release|Win32
		{CA82BDC6-8C29-497D-8C82-0928D48746F5}.Release|x86.Build.0 = Release|Win32
		{89EB8F88-F6E5-4237-9674-5D83D7C32BFF}.Debug|x64.ActiveCfg = Debug|x64
		{89EB8F88-F6E5-4237-9674-5D83D7C32BFF}.Debug|x64.Build.0 = Debug|x64
		{89EB8F88-F6E5-4237-9674-5D83D7C32BFF}.Debug|x86.ActiveCfg = Debug|Win32
		{89EB8F88-F6E5-4237-9674-5D83D7C32BFF}.Debug|x86.Build.0 = Debug|Win32
		{89EB8F88-F6E5-4237-9674-5D83D7C32BFF}.Release|x64.ActiveCfg = Release|x64
		{89EB8F88-F6E5-4237-9674-5D83D7C32BFF}.Release|x64.Build.0 = Release|x64
		{89EB8F88-F6E5-4237-9674-5D83D7C32BFF}.Release|x86.ActiveCfg = Release|Win32
		{89EB8F88-F6E5-4237-9674-5D83D7C32BFF}.Release|x86.Build.0 = Release|Win32
		{6520DBD7-4213-4E5D-BAF1-C50FAECC5FC5}.Debug|x64.ActiveCfg = Debug|x64
		{6520DBD7-4213-4E5D-BAF1-C50FAECC5FC5}.Debug|x64.Build.0 = Debug|x64
		{6520DBD7-4213-4E5D-BAF1-C50FAECC5FC5}.Debug|x86.ActiveCfg = Debug|Win32
		{6520DBD7-4213-4E5D-BAF1-C50FAECC5FC5}.Debug|x86.Build.0 = Debug|Win32
		{6520DBD7-4213-4E5D-BAF1-C50FAECC5FC5}.Release|x64.ActiveCfg = Release|x64
		{6520DBD7-4213-4E5D-BAF1-C50FAECC5FC5}.Release|x64.Build.0 = Release|x64
		{6520DBD7-4213-4E5D-BAF1-C50FAECC5FC5}.Release|x86.ActiveCfg = Release|Win32
		{6520DBD7-4213-4E5D-BAF1-C50FAECC5FC5}.Release|x86.Build.0 = Release|Win32
		{4F8B36FF-2ABE-4C75-A7B8-C79D5626E2A2}.Debug|x64.ActiveCfg = Debug|x64
		{4F8B36FF-2ABE-4C75-A7B8-C79D5626E2A2}.Debug|x64.Build.0 = Debug|x64
		{4F8B36FF-2ABE-4C75-A7B8-C79D5626E2A2}.Debug|x86.ActiveCfg = Debug|Win32
		{4F8B36FF-2ABE-4C75-A7B8-C79D5626E2A2}.Debug|x86.Build.0 = Debug|Win32
		{4F8B36FF-2ABE-4C75-A7B8-C79D5626E2A2}.Release|x64.ActiveCfg = Release|x64
		{4F8B36FF-2ABE-4C75-A7B8-C79D5626E2A2}.Release|x64.Build.0 = Release|x64
		{4F8B36FF-2ABE-4C75-A7B8-C79D5626E2A2}.Release|x86.ActiveCfg = Release|Win32
		{4F8B36FF-2ABE-4C75-A7B8-C79D5626E2A2}.Release|x86.Build.0 = Release|Win32
		{75093A0D-837A-4CDD-A741-227FBFA37C25}.Debug|x64.ActiveCfg = Debug|x64
		{75093A0D-837A-4CDD-A741-227FBFA37C25}.Debug|x64.Build.0 = Debug|x64
		{75093A0D-837A-4CDD-A741-227FBFA37C25}.Debug|x86.ActiveCfg = Debug|Win32
		{75093A0D-837A-4CDD-A741-227FBFA37C25}.Debug|x86.Build.0 = Debug|Win32
		{75093A0D-837A-4CDD-A741-227FBFA37C25}.Release|x64.ActiveCfg = Release|x64
		{75093A0D-837A-4CDD-A741-227FBFA37C25}.Release|x64.Build.0 = Release|x64
		{75093A0D-837A-4CDD-A741-227FBFA37C25}.Release|x86.ActiveCfg = Release|Win32
		{75093A0D-837A-4CDD-A741-227FBFA37C25}.Release|x86.Build.0 = Release|Win32
	EndGlobalSection
	GlobalSection(SolutionProperties) = preSolution
		HideSolutionNode = FALSE
	EndGlobalSection
EndGlobal
